{
  "version": 4,
  "terraform_version": "0.13.5",
  "serial": 30,
  "lineage": "0f7280e8-5577-9681-c210-8fb55e38a746",
  "outputs": {},
  "resources": [
    {
      "mode": "data",
      "type": "terraform_remote_state",
      "name": "networking",
      "provider": "provider[\"terraform.io/builtin/terraform\"]",
      "instances": [
        {
          "schema_version": 0,
          "attributes": {
            "backend": "local",
            "config": {
              "value": {
                "path": "../networking/terraform.tfstate"
              },
              "type": [
                "object",
                {
                  "path": "string"
                }
              ]
            },
            "defaults": null,
            "outputs": {
              "value": {
                "vpc_id": "vpc-0e7350d723d08b3bd",
                "vpc_private_subnets": [
                  "subnet-0cdd9b8128a7f82fa",
                  "subnet-0eabaee1efb7905b6"
                ],
                "vpc_public_subnets": [
                  "subnet-029c22d04d9dada97",
                  "subnet-0734a12c1cbe00ad1"
                ],
                "vpc_security_group_id": "sg-079928da571ed0bdc"
              },
              "type": [
                "object",
                {
                  "vpc_id": "string",
                  "vpc_private_subnets": [
                    "tuple",
                    [
                      "string",
                      "string"
                    ]
                  ],
                  "vpc_public_subnets": [
                    "tuple",
                    [
                      "string",
                      "string"
                    ]
                  ],
                  "vpc_security_group_id": "string"
                }
              ]
            },
            "workspace": null
          }
        }
      ]
    },
    {
      "module": "module.compute",
      "mode": "data",
      "type": "aws_iam_policy_document",
      "name": "execution_role",
      "provider": "provider[\"registry.terraform.io/hashicorp/aws\"]",
      "instances": [
        {
          "schema_version": 0,
          "attributes": {
            "id": "320642683",
            "json": "{\n  \"Version\": \"2012-10-17\",\n  \"Statement\": [\n    {\n      \"Sid\": \"\",\n      \"Effect\": \"Allow\",\n      \"Action\": \"sts:AssumeRole\",\n      \"Principal\": {\n        \"Service\": \"ecs-tasks.amazonaws.com\"\n      }\n    }\n  ]\n}",
            "override_json": null,
            "policy_id": null,
            "source_json": null,
            "statement": [
              {
                "actions": [
                  "sts:AssumeRole"
                ],
                "condition": [],
                "effect": "Allow",
                "not_actions": [],
                "not_principals": [],
                "not_resources": [],
                "principals": [
                  {
                    "identifiers": [
                      "ecs-tasks.amazonaws.com"
                    ],
                    "type": "Service"
                  }
                ],
                "resources": [],
                "sid": ""
              }
            ],
            "version": "2012-10-17"
          }
        }
      ]
    },
    {
      "module": "module.compute",
      "mode": "data",
      "type": "aws_iam_policy_document",
      "name": "execution_role_policy",
      "provider": "provider[\"registry.terraform.io/hashicorp/aws\"]",
      "instances": [
        {
          "schema_version": 0,
          "attributes": {
            "id": "1420726984",
            "json": "{\n  \"Version\": \"2012-10-17\",\n  \"Statement\": [\n    {\n      \"Sid\": \"\",\n      \"Effect\": \"Allow\",\n      \"Action\": [\n        \"logs:PutLogEvents\",\n        \"logs:CreateLogStream\",\n        \"ecr:GetDownloadUrlForLayer\",\n        \"ecr:GetAuthorizationToken\",\n        \"ecr:BatchGetImage\",\n        \"ecr:BatchCheckLayerAvailability\"\n      ],\n      \"Resource\": \"*\"\n    }\n  ]\n}",
            "override_json": null,
            "policy_id": null,
            "source_json": null,
            "statement": [
              {
                "actions": [
                  "ecr:BatchCheckLayerAvailability",
                  "ecr:BatchGetImage",
                  "ecr:GetAuthorizationToken",
                  "ecr:GetDownloadUrlForLayer",
                  "logs:CreateLogStream",
                  "logs:PutLogEvents"
                ],
                "condition": [],
                "effect": "Allow",
                "not_actions": [],
                "not_principals": [],
                "not_resources": [],
                "principals": [],
                "resources": [
                  "*"
                ],
                "sid": ""
              }
            ],
            "version": "2012-10-17"
          }
        }
      ]
    },
    {
      "module": "module.compute",
      "mode": "data",
      "type": "aws_region",
      "name": "current",
      "provider": "provider[\"registry.terraform.io/hashicorp/aws\"]",
      "instances": [
        {
          "schema_version": 0,
          "attributes": {
            "description": "US East (N. Virginia)",
            "endpoint": "ec2.us-east-1.amazonaws.com",
            "id": "us-east-1",
            "name": "us-east-1"
          }
        }
      ]
    },
    {
      "module": "module.compute",
      "mode": "managed",
      "type": "aws_alb",
      "name": "app",
      "provider": "provider[\"registry.terraform.io/hashicorp/aws\"]",
      "instances": [
        {
          "schema_version": 0,
          "attributes": {
            "access_logs": [
              {
                "bucket": "",
                "enabled": false,
                "prefix": ""
              }
            ],
            "arn": "arn:aws:elasticloadbalancing:us-east-1:168765413198:loadbalancer/app/nextjs-fargate-demo-alb/5a6ab3b226555e2d",
            "arn_suffix": "app/nextjs-fargate-demo-alb/5a6ab3b226555e2d",
            "customer_owned_ipv4_pool": "",
            "dns_name": "nextjs-fargate-demo-alb-2062308559.us-east-1.elb.amazonaws.com",
            "drop_invalid_header_fields": false,
            "enable_cross_zone_load_balancing": null,
            "enable_deletion_protection": false,
            "enable_http2": true,
            "id": "arn:aws:elasticloadbalancing:us-east-1:168765413198:loadbalancer/app/nextjs-fargate-demo-alb/5a6ab3b226555e2d",
            "idle_timeout": 60,
            "internal": false,
            "ip_address_type": "ipv4",
            "load_balancer_type": "application",
            "name": "nextjs-fargate-demo-alb",
            "name_prefix": null,
            "security_groups": [
              "sg-0519cd2bc7ad05005"
            ],
            "subnet_mapping": [
              {
                "allocation_id": "",
                "outpost_id": "",
                "private_ipv4_address": "",
                "subnet_id": "subnet-029c22d04d9dada97"
              },
              {
                "allocation_id": "",
                "outpost_id": "",
                "private_ipv4_address": "",
                "subnet_id": "subnet-0734a12c1cbe00ad1"
              }
            ],
            "subnets": [
              "subnet-029c22d04d9dada97",
              "subnet-0734a12c1cbe00ad1"
            ],
            "tags": {},
            "timeouts": null,
            "vpc_id": "vpc-0e7350d723d08b3bd",
            "zone_id": "Z35SXDOTRQ7X7K"
          },
          "private": "eyJlMmJmYjczMC1lY2FhLTExZTYtOGY4OC0zNDM2M2JjN2M0YzAiOnsiY3JlYXRlIjo2MDAwMDAwMDAwMDAsImRlbGV0ZSI6NjAwMDAwMDAwMDAwLCJ1cGRhdGUiOjYwMDAwMDAwMDAwMH19",
          "dependencies": [
            "data.terraform_remote_state.networking",
            "module.compute.aws_security_group.lb"
          ]
        }
      ]
    },
    {
      "module": "module.compute",
      "mode": "managed",
      "type": "aws_alb_listener",
      "name": "front_end",
      "provider": "provider[\"registry.terraform.io/hashicorp/aws\"]",
      "instances": [
        {
          "schema_version": 0,
          "attributes": {
            "arn": "arn:aws:elasticloadbalancing:us-east-1:168765413198:listener/app/nextjs-fargate-demo-alb/5a6ab3b226555e2d/44cd0aaa51b6144b",
            "certificate_arn": null,
            "default_action": [
              {
                "authenticate_cognito": [],
                "authenticate_oidc": [],
                "fixed_response": [],
                "forward": [],
                "order": 1,
                "redirect": [],
                "target_group_arn": "arn:aws:elasticloadbalancing:us-east-1:168765413198:targetgroup/nextjs-fargate-demo-app-target/36d5bd2ad0c5c0ba",
                "type": "forward"
              }
            ],
            "id": "arn:aws:elasticloadbalancing:us-east-1:168765413198:listener/app/nextjs-fargate-demo-alb/5a6ab3b226555e2d/44cd0aaa51b6144b",
            "load_balancer_arn": "arn:aws:elasticloadbalancing:us-east-1:168765413198:loadbalancer/app/nextjs-fargate-demo-alb/5a6ab3b226555e2d",
            "port": 80,
            "protocol": "HTTP",
            "ssl_policy": "",
            "timeouts": null
          },
          "private": "eyJlMmJmYjczMC1lY2FhLTExZTYtOGY4OC0zNDM2M2JjN2M0YzAiOnsicmVhZCI6NjAwMDAwMDAwMDAwfX0=",
          "dependencies": [
            "data.terraform_remote_state.networking",
            "module.compute.aws_alb.app",
            "module.compute.aws_alb_target_group.app",
            "module.compute.aws_security_group.lb"
          ]
        }
      ]
    },
    {
      "module": "module.compute",
      "mode": "managed",
      "type": "aws_alb_target_group",
      "name": "app",
      "provider": "provider[\"registry.terraform.io/hashicorp/aws\"]",
      "instances": [
        {
          "schema_version": 0,
          "attributes": {
            "arn": "arn:aws:elasticloadbalancing:us-east-1:168765413198:targetgroup/nextjs-fargate-demo-app-target/36d5bd2ad0c5c0ba",
            "arn_suffix": "targetgroup/nextjs-fargate-demo-app-target/36d5bd2ad0c5c0ba",
            "deregistration_delay": 300,
            "health_check": [
              {
                "enabled": true,
                "healthy_threshold": 3,
                "interval": 30,
                "matcher": "200",
                "path": "/index.html",
                "port": "traffic-port",
                "protocol": "HTTP",
                "timeout": 3,
                "unhealthy_threshold": 2
              }
            ],
            "id": "arn:aws:elasticloadbalancing:us-east-1:168765413198:targetgroup/nextjs-fargate-demo-app-target/36d5bd2ad0c5c0ba",
            "lambda_multi_value_headers_enabled": false,
            "load_balancing_algorithm_type": "round_robin",
            "name": "nextjs-fargate-demo-app-target",
            "name_prefix": null,
            "port": 3000,
            "protocol": "HTTP",
            "proxy_protocol_v2": false,
            "slow_start": 0,
            "stickiness": [
              {
                "cookie_duration": 86400,
                "enabled": false,
                "type": "lb_cookie"
              }
            ],
            "tags": {},
            "target_type": "ip",
            "vpc_id": "vpc-0e7350d723d08b3bd"
          },
          "private": "bnVsbA==",
          "dependencies": [
            "data.terraform_remote_state.networking"
          ]
        }
      ]
    },
    {
      "module": "module.compute",
      "mode": "managed",
      "type": "aws_cloudwatch_log_group",
      "name": "app",
      "provider": "provider[\"registry.terraform.io/hashicorp/aws\"]",
      "instances": [
        {
          "schema_version": 0,
          "attributes": {
            "arn": "arn:aws:logs:us-east-1:168765413198:log-group:/aws/ecs/nextjs-fargate-demo",
            "id": "/aws/ecs/nextjs-fargate-demo",
            "kms_key_id": "",
            "name": "/aws/ecs/nextjs-fargate-demo",
            "name_prefix": null,
            "retention_in_days": 0,
            "tags": {
              "Service": "nextjs-fargate-demo",
              "Source": "terraform",
              "Stage": "dev"
            }
          },
          "private": "bnVsbA=="
        }
      ]
    },
    {
      "module": "module.compute",
      "mode": "managed",
      "type": "aws_ecs_cluster",
      "name": "cluster",
      "provider": "provider[\"registry.terraform.io/hashicorp/aws\"]",
      "instances": [
        {
          "schema_version": 0,
          "attributes": {
            "arn": "arn:aws:ecs:us-east-1:168765413198:cluster/nextjs-fargate-demo-cluster",
            "capacity_providers": [],
            "default_capacity_provider_strategy": [],
            "id": "arn:aws:ecs:us-east-1:168765413198:cluster/nextjs-fargate-demo-cluster",
            "name": "nextjs-fargate-demo-cluster",
            "setting": [
              {
                "name": "containerInsights",
                "value": "disabled"
              }
            ],
            "tags": {
              "Service": "nextjs-fargate-demo",
              "Source": "terraform",
              "Stage": "dev"
            }
          },
          "private": "bnVsbA=="
        }
      ]
    },
    {
      "module": "module.compute",
      "mode": "managed",
      "type": "aws_ecs_service",
      "name": "service",
      "provider": "provider[\"registry.terraform.io/hashicorp/aws\"]",
      "instances": [
        {
          "schema_version": 0,
          "attributes": {
            "capacity_provider_strategy": [],
            "cluster": "arn:aws:ecs:us-east-1:168765413198:cluster/nextjs-fargate-demo-cluster",
            "deployment_controller": [
              {
                "type": "ECS"
              }
            ],
            "deployment_maximum_percent": 200,
            "deployment_minimum_healthy_percent": 100,
            "desired_count": 1,
            "enable_ecs_managed_tags": false,
            "force_new_deployment": null,
            "health_check_grace_period_seconds": 0,
            "iam_role": "aws-service-role",
            "id": "arn:aws:ecs:us-east-1:168765413198:service/nextjs-fargate-demo-cluster/nextjs-fargate-demo-service",
            "launch_type": "FARGATE",
            "load_balancer": [
              {
                "container_name": "nextjs",
                "container_port": 3000,
                "elb_name": "",
                "target_group_arn": "arn:aws:elasticloadbalancing:us-east-1:168765413198:targetgroup/nextjs-fargate-demo-app-target/36d5bd2ad0c5c0ba"
              }
            ],
            "name": "nextjs-fargate-demo-service",
            "network_configuration": [
              {
                "assign_public_ip": false,
                "security_groups": [
                  "sg-04f1b806f837ea3af"
                ],
                "subnets": [
                  "subnet-0cdd9b8128a7f82fa",
                  "subnet-0eabaee1efb7905b6"
                ]
              }
            ],
            "ordered_placement_strategy": [],
            "placement_constraints": [],
            "platform_version": "LATEST",
            "propagate_tags": "NONE",
            "scheduling_strategy": "REPLICA",
            "service_registries": [],
            "tags": null,
            "task_definition": "arn:aws:ecs:us-east-1:168765413198:task-definition/nextjs-fargate-demo:3",
            "timeouts": null,
            "wait_for_steady_state": false
          },
          "private": "eyJlMmJmYjczMC1lY2FhLTExZTYtOGY4OC0zNDM2M2JjN2M0YzAiOnsiZGVsZXRlIjoxMjAwMDAwMDAwMDAwfX0=",
          "dependencies": [
            "data.terraform_remote_state.networking",
            "module.compute.aws_alb_target_group.app",
            "module.compute.aws_cloudwatch_log_group.app",
            "module.compute.aws_ecs_cluster.cluster",
            "module.compute.aws_ecs_task_definition.app",
            "module.compute.aws_iam_role.execution_role",
            "module.compute.aws_security_group.cluster",
            "module.compute.data.aws_region.current"
          ]
        }
      ]
    },
    {
      "module": "module.compute",
      "mode": "managed",
      "type": "aws_ecs_task_definition",
      "name": "app",
      "provider": "provider[\"registry.terraform.io/hashicorp/aws\"]",
      "instances": [
        {
          "schema_version": 1,
          "attributes": {
            "arn": "arn:aws:ecs:us-east-1:168765413198:task-definition/nextjs-fargate-demo:3",
            "container_definitions": "[{\"cpu\":0,\"environment\":[],\"essential\":true,\"image\":\"168765413198.dkr.ecr.us-east-1.amazonaws.com/nextjs-fargate-demo:1\",\"logConfiguration\":{\"logDriver\":\"awslogs\",\"options\":{\"awslogs-group\":\"/aws/ecs/nextjs-fargate-demo\",\"awslogs-region\":\"us-east-1\",\"awslogs-stream-prefix\":\"task\"}},\"memory\":512,\"mountPoints\":[],\"name\":\"nextjs\",\"portMappings\":[{\"containerPort\":3000,\"hostPort\":3000,\"protocol\":\"tcp\"}],\"volumesFrom\":[]}]",
            "cpu": "256",
            "execution_role_arn": "arn:aws:iam::168765413198:role/nextjs-fargate-demo-ecs-task_execution_role",
            "family": "nextjs-fargate-demo",
            "id": "nextjs-fargate-demo",
            "inference_accelerator": [],
            "ipc_mode": "",
            "memory": "512",
            "network_mode": "awsvpc",
            "pid_mode": "",
            "placement_constraints": [],
            "proxy_configuration": [],
            "requires_compatibilities": [
              "FARGATE"
            ],
            "revision": 3,
            "tags": {
              "Service": "nextjs-fargate-demo",
              "Source": "terraform",
              "Stage": "dev"
            },
            "task_role_arn": "arn:aws:iam::168765413198:role/nextjs-fargate-demo-ecs-task_execution_role",
            "volume": []
          },
          "private": "eyJzY2hlbWFfdmVyc2lvbiI6IjEifQ==",
          "dependencies": [
            "module.compute.aws_cloudwatch_log_group.app",
            "module.compute.aws_iam_role.execution_role",
            "module.compute.data.aws_region.current"
          ]
        }
      ]
    },
    {
      "module": "module.compute",
      "mode": "managed",
      "type": "aws_iam_role",
      "name": "execution_role",
      "provider": "provider[\"registry.terraform.io/hashicorp/aws\"]",
      "instances": [
        {
          "schema_version": 0,
          "attributes": {
            "arn": "arn:aws:iam::168765413198:role/nextjs-fargate-demo-ecs-task_execution_role",
            "assume_role_policy": "{\"Version\":\"2012-10-17\",\"Statement\":[{\"Sid\":\"\",\"Effect\":\"Allow\",\"Principal\":{\"Service\":\"ecs-tasks.amazonaws.com\"},\"Action\":\"sts:AssumeRole\"}]}",
            "create_date": "2021-01-24T17:56:49Z",
            "description": "IAM service role for ECS Cluster: nextjs-fargate-demo-cluster",
            "force_detach_policies": false,
            "id": "nextjs-fargate-demo-ecs-task_execution_role",
            "max_session_duration": 3600,
            "name": "nextjs-fargate-demo-ecs-task_execution_role",
            "name_prefix": null,
            "path": "/",
            "permissions_boundary": null,
            "tags": {
              "Service": "nextjs-fargate-demo",
              "Source": "terraform",
              "Stage": "dev"
            },
            "unique_id": "AROASOSZT25HI6LFMTB56"
          },
          "private": "bnVsbA==",
          "dependencies": [
            "module.compute.aws_ecs_cluster.cluster",
            "module.compute.data.aws_iam_policy_document.execution_role"
          ]
        }
      ]
    },
    {
      "module": "module.compute",
      "mode": "managed",
      "type": "aws_iam_role_policy",
      "name": "execution_role_policy",
      "provider": "provider[\"registry.terraform.io/hashicorp/aws\"]",
      "instances": [
        {
          "schema_version": 0,
          "attributes": {
            "id": "nextjs-fargate-demo-ecs-task_execution_role:nextjs-fargate-demo-ecs-task_execution_role_policy",
            "name": "nextjs-fargate-demo-ecs-task_execution_role_policy",
            "name_prefix": null,
            "policy": "{\n  \"Version\": \"2012-10-17\",\n  \"Statement\": [\n    {\n      \"Sid\": \"\",\n      \"Effect\": \"Allow\",\n      \"Action\": [\n        \"logs:PutLogEvents\",\n        \"logs:CreateLogStream\",\n        \"ecr:GetDownloadUrlForLayer\",\n        \"ecr:GetAuthorizationToken\",\n        \"ecr:BatchGetImage\",\n        \"ecr:BatchCheckLayerAvailability\"\n      ],\n      \"Resource\": \"*\"\n    }\n  ]\n}",
            "role": "nextjs-fargate-demo-ecs-task_execution_role"
          },
          "private": "bnVsbA==",
          "dependencies": [
            "module.compute.aws_ecs_cluster.cluster",
            "module.compute.aws_iam_role.execution_role",
            "module.compute.data.aws_iam_policy_document.execution_role",
            "module.compute.data.aws_iam_policy_document.execution_role_policy"
          ]
        }
      ]
    },
    {
      "module": "module.compute",
      "mode": "managed",
      "type": "aws_security_group",
      "name": "cluster",
      "provider": "provider[\"registry.terraform.io/hashicorp/aws\"]",
      "instances": [
        {
          "schema_version": 1,
          "attributes": {
            "arn": "arn:aws:ec2:us-east-1:168765413198:security-group/sg-04f1b806f837ea3af",
            "description": "Managed by Terraform",
            "egress": [
              {
                "cidr_blocks": [
                  "0.0.0.0/0"
                ],
                "description": "",
                "from_port": 0,
                "ipv6_cidr_blocks": [],
                "prefix_list_ids": [],
                "protocol": "-1",
                "security_groups": [],
                "self": false,
                "to_port": 0
              }
            ],
            "id": "sg-04f1b806f837ea3af",
            "ingress": [
              {
                "cidr_blocks": [],
                "description": "",
                "from_port": 3000,
                "ipv6_cidr_blocks": [],
                "prefix_list_ids": [],
                "protocol": "tcp",
                "security_groups": [
                  "sg-0519cd2bc7ad05005"
                ],
                "self": false,
                "to_port": 3000
              }
            ],
            "name": "nextjs-fargate-demo-sg",
            "name_prefix": "",
            "owner_id": "168765413198",
            "revoke_rules_on_delete": false,
            "tags": {
              "Service": "nextjs-fargate-demo",
              "Source": "terraform",
              "Stage": "dev"
            },
            "timeouts": null,
            "vpc_id": "vpc-0e7350d723d08b3bd"
          },
          "private": "eyJlMmJmYjczMC1lY2FhLTExZTYtOGY4OC0zNDM2M2JjN2M0YzAiOnsiY3JlYXRlIjo2MDAwMDAwMDAwMDAsImRlbGV0ZSI6NjAwMDAwMDAwMDAwfSwic2NoZW1hX3ZlcnNpb24iOiIxIn0=",
          "dependencies": [
            "data.terraform_remote_state.networking",
            "module.compute.aws_security_group.lb"
          ]
        }
      ]
    },
    {
      "module": "module.compute",
      "mode": "managed",
      "type": "aws_security_group",
      "name": "lb",
      "provider": "provider[\"registry.terraform.io/hashicorp/aws\"]",
      "instances": [
        {
          "schema_version": 1,
          "attributes": {
            "arn": "arn:aws:ec2:us-east-1:168765413198:security-group/sg-0519cd2bc7ad05005",
            "description": "controls access to the ALB",
            "egress": [
              {
                "cidr_blocks": [
                  "0.0.0.0/0"
                ],
                "description": "",
                "from_port": 0,
                "ipv6_cidr_blocks": [],
                "prefix_list_ids": [],
                "protocol": "-1",
                "security_groups": [],
                "self": false,
                "to_port": 0
              }
            ],
            "id": "sg-0519cd2bc7ad05005",
            "ingress": [
              {
                "cidr_blocks": [
                  "0.0.0.0/0"
                ],
                "description": "",
                "from_port": 80,
                "ipv6_cidr_blocks": [],
                "prefix_list_ids": [],
                "protocol": "tcp",
                "security_groups": [],
                "self": false,
                "to_port": 80
              }
            ],
            "name": "nextjs-fargate-demo-lb-sg",
            "name_prefix": "",
            "owner_id": "168765413198",
            "revoke_rules_on_delete": false,
            "tags": {},
            "timeouts": null,
            "vpc_id": "vpc-0e7350d723d08b3bd"
          },
          "private": "eyJlMmJmYjczMC1lY2FhLTExZTYtOGY4OC0zNDM2M2JjN2M0YzAiOnsiY3JlYXRlIjo2MDAwMDAwMDAwMDAsImRlbGV0ZSI6NjAwMDAwMDAwMDAwfSwic2NoZW1hX3ZlcnNpb24iOiIxIn0=",
          "dependencies": [
            "data.terraform_remote_state.networking"
          ]
        }
      ]
    }
  ]
}
